{
    "version": 3,
    "terraform_version": "0.11.8",
    "serial": 6,
    "lineage": "f9e0df36-af44-f1ce-ba48-9e2068670a27",
    "modules": [
        {
            "path": [
                "root"
            ],
            "outputs": {
                "VMs RDP acces": {
                    "sensitive": false,
                    "type": "list",
                    "value": [
                        "RDP_URL=asbtestlp.westus2.cloudapp.azure.com:50001",
                        "RDP_URL=asbtestlp.westus2.cloudapp.azure.com:50002"
                    ]
                },
                "hostname": {
                    "sensitive": false,
                    "type": "string",
                    "value": "asbtestvm"
                },
                "vm_fqdn": {
                    "sensitive": false,
                    "type": "string",
                    "value": "asbtestlp.westus2.cloudapp.azure.com"
                }
            },
            "resources": {
                "azurerm_availability_set.avset": {
                    "type": "azurerm_availability_set",
                    "depends_on": [
                        "azurerm_resource_group.rg"
                    ],
                    "primary": {
                        "id": "/subscriptions/d532ef96-d428-4452-ab10-f7a9a136a5b6/resourceGroups/asbtestrg/providers/Microsoft.Compute/availabilitySets/asbtestdnsavset",
                        "attributes": {
                            "id": "/subscriptions/d532ef96-d428-4452-ab10-f7a9a136a5b6/resourceGroups/asbtestrg/providers/Microsoft.Compute/availabilitySets/asbtestdnsavset",
                            "location": "westus2",
                            "managed": "true",
                            "name": "asbtestdnsavset",
                            "platform_fault_domain_count": "2",
                            "platform_update_domain_count": "2",
                            "resource_group_name": "asbtestrg",
                            "tags.%": "0"
                        },
                        "meta": {},
                        "tainted": false
                    },
                    "deposed": [],
                    "provider": "provider.azurerm"
                },
                "azurerm_lb.lb": {
                    "type": "azurerm_lb",
                    "depends_on": [
                        "azurerm_public_ip.lbpip",
                        "azurerm_resource_group.rg"
                    ],
                    "primary": {
                        "id": "/subscriptions/d532ef96-d428-4452-ab10-f7a9a136a5b6/resourceGroups/asbtestrg/providers/Microsoft.Network/loadBalancers/rglb",
                        "attributes": {
                            "frontend_ip_configuration.#": "1",
                            "frontend_ip_configuration.0.inbound_nat_rules.#": "0",
                            "frontend_ip_configuration.0.load_balancer_rules.#": "0",
                            "frontend_ip_configuration.0.name": "LoadBalancerFrontEnd",
                            "frontend_ip_configuration.0.private_ip_address": "",
                            "frontend_ip_configuration.0.private_ip_address_allocation": "Dynamic",
                            "frontend_ip_configuration.0.public_ip_address_id": "/subscriptions/d532ef96-d428-4452-ab10-f7a9a136a5b6/resourceGroups/asbtestrg/providers/Microsoft.Network/publicIPAddresses/rg-ip",
                            "frontend_ip_configuration.0.subnet_id": "",
                            "frontend_ip_configuration.0.zones.#": "0",
                            "id": "/subscriptions/d532ef96-d428-4452-ab10-f7a9a136a5b6/resourceGroups/asbtestrg/providers/Microsoft.Network/loadBalancers/rglb",
                            "location": "westus2",
                            "name": "rglb",
                            "private_ip_address": "",
                            "private_ip_addresses.#": "0",
                            "resource_group_name": "asbtestrg",
                            "sku": "Basic",
                            "tags.%": "0"
                        },
                        "meta": {},
                        "tainted": false
                    },
                    "deposed": [],
                    "provider": "provider.azurerm"
                },
                "azurerm_lb_backend_address_pool.backend_pool": {
                    "type": "azurerm_lb_backend_address_pool",
                    "depends_on": [
                        "azurerm_lb.lb",
                        "azurerm_resource_group.rg"
                    ],
                    "primary": {
                        "id": "/subscriptions/d532ef96-d428-4452-ab10-f7a9a136a5b6/resourceGroups/asbtestrg/providers/Microsoft.Network/loadBalancers/rglb/backendAddressPools/BackendPool1",
                        "attributes": {
                            "backend_ip_configurations.#": "0",
                            "id": "/subscriptions/d532ef96-d428-4452-ab10-f7a9a136a5b6/resourceGroups/asbtestrg/providers/Microsoft.Network/loadBalancers/rglb/backendAddressPools/BackendPool1",
                            "load_balancing_rules.#": "0",
                            "loadbalancer_id": "/subscriptions/d532ef96-d428-4452-ab10-f7a9a136a5b6/resourceGroups/asbtestrg/providers/Microsoft.Network/loadBalancers/rglb",
                            "name": "BackendPool1",
                            "resource_group_name": "asbtestrg"
                        },
                        "meta": {},
                        "tainted": false
                    },
                    "deposed": [],
                    "provider": "provider.azurerm"
                },
                "azurerm_lb_nat_rule.tcp.0": {
                    "type": "azurerm_lb_nat_rule",
                    "depends_on": [
                        "azurerm_lb.lb",
                        "azurerm_resource_group.rg"
                    ],
                    "primary": {
                        "id": "/subscriptions/d532ef96-d428-4452-ab10-f7a9a136a5b6/resourceGroups/asbtestrg/providers/Microsoft.Network/loadBalancers/rglb/inboundNatRules/RDP-VM-0",
                        "attributes": {
                            "backend_port": "3389",
                            "enable_floating_ip": "false",
                            "frontend_ip_configuration_id": "/subscriptions/d532ef96-d428-4452-ab10-f7a9a136a5b6/resourceGroups/asbtestrg/providers/Microsoft.Network/loadBalancers/rglb/frontendIPConfigurations/LoadBalancerFrontEnd",
                            "frontend_ip_configuration_name": "LoadBalancerFrontEnd",
                            "frontend_port": "50001",
                            "id": "/subscriptions/d532ef96-d428-4452-ab10-f7a9a136a5b6/resourceGroups/asbtestrg/providers/Microsoft.Network/loadBalancers/rglb/inboundNatRules/RDP-VM-0",
                            "loadbalancer_id": "/subscriptions/d532ef96-d428-4452-ab10-f7a9a136a5b6/resourceGroups/asbtestrg/providers/Microsoft.Network/loadBalancers/rglb",
                            "name": "RDP-VM-0",
                            "protocol": "Tcp",
                            "resource_group_name": "asbtestrg"
                        },
                        "meta": {},
                        "tainted": false
                    },
                    "deposed": [],
                    "provider": "provider.azurerm"
                },
                "azurerm_lb_nat_rule.tcp.1": {
                    "type": "azurerm_lb_nat_rule",
                    "depends_on": [
                        "azurerm_lb.lb",
                        "azurerm_resource_group.rg"
                    ],
                    "primary": {
                        "id": "/subscriptions/d532ef96-d428-4452-ab10-f7a9a136a5b6/resourceGroups/asbtestrg/providers/Microsoft.Network/loadBalancers/rglb/inboundNatRules/RDP-VM-1",
                        "attributes": {
                            "backend_port": "3389",
                            "enable_floating_ip": "false",
                            "frontend_ip_configuration_id": "/subscriptions/d532ef96-d428-4452-ab10-f7a9a136a5b6/resourceGroups/asbtestrg/providers/Microsoft.Network/loadBalancers/rglb/frontendIPConfigurations/LoadBalancerFrontEnd",
                            "frontend_ip_configuration_name": "LoadBalancerFrontEnd",
                            "frontend_port": "50002",
                            "id": "/subscriptions/d532ef96-d428-4452-ab10-f7a9a136a5b6/resourceGroups/asbtestrg/providers/Microsoft.Network/loadBalancers/rglb/inboundNatRules/RDP-VM-1",
                            "loadbalancer_id": "/subscriptions/d532ef96-d428-4452-ab10-f7a9a136a5b6/resourceGroups/asbtestrg/providers/Microsoft.Network/loadBalancers/rglb",
                            "name": "RDP-VM-1",
                            "protocol": "Tcp",
                            "resource_group_name": "asbtestrg"
                        },
                        "meta": {},
                        "tainted": false
                    },
                    "deposed": [],
                    "provider": "provider.azurerm"
                },
                "azurerm_lb_probe.lb_probe": {
                    "type": "azurerm_lb_probe",
                    "depends_on": [
                        "azurerm_lb.lb",
                        "azurerm_resource_group.rg"
                    ],
                    "primary": {
                        "id": "/subscriptions/d532ef96-d428-4452-ab10-f7a9a136a5b6/resourceGroups/asbtestrg/providers/Microsoft.Network/loadBalancers/rglb/probes/tcpProbe",
                        "attributes": {
                            "id": "/subscriptions/d532ef96-d428-4452-ab10-f7a9a136a5b6/resourceGroups/asbtestrg/providers/Microsoft.Network/loadBalancers/rglb/probes/tcpProbe",
                            "interval_in_seconds": "5",
                            "load_balancer_rules.#": "0",
                            "loadbalancer_id": "/subscriptions/d532ef96-d428-4452-ab10-f7a9a136a5b6/resourceGroups/asbtestrg/providers/Microsoft.Network/loadBalancers/rglb",
                            "name": "tcpProbe",
                            "number_of_probes": "2",
                            "port": "80",
                            "protocol": "Tcp",
                            "request_path": "",
                            "resource_group_name": "asbtestrg"
                        },
                        "meta": {},
                        "tainted": false
                    },
                    "deposed": [],
                    "provider": "provider.azurerm"
                },
                "azurerm_lb_rule.lb_rule": {
                    "type": "azurerm_lb_rule",
                    "depends_on": [
                        "azurerm_lb.lb",
                        "azurerm_lb_backend_address_pool.backend_pool",
                        "azurerm_lb_probe.lb_probe",
                        "azurerm_resource_group.rg"
                    ],
                    "primary": {
                        "id": "/subscriptions/d532ef96-d428-4452-ab10-f7a9a136a5b6/resourceGroups/asbtestrg/providers/Microsoft.Network/loadBalancers/rglb/loadBalancingRules/LBRule",
                        "attributes": {
                            "backend_address_pool_id": "/subscriptions/d532ef96-d428-4452-ab10-f7a9a136a5b6/resourceGroups/asbtestrg/providers/Microsoft.Network/loadBalancers/rglb/backendAddressPools/BackendPool1",
                            "backend_port": "80",
                            "enable_floating_ip": "false",
                            "frontend_ip_configuration_id": "/subscriptions/d532ef96-d428-4452-ab10-f7a9a136a5b6/resourceGroups/asbtestrg/providers/Microsoft.Network/loadBalancers/rglb/frontendIPConfigurations/LoadBalancerFrontEnd",
                            "frontend_ip_configuration_name": "LoadBalancerFrontEnd",
                            "frontend_port": "80",
                            "id": "/subscriptions/d532ef96-d428-4452-ab10-f7a9a136a5b6/resourceGroups/asbtestrg/providers/Microsoft.Network/loadBalancers/rglb/loadBalancingRules/LBRule",
                            "idle_timeout_in_minutes": "5",
                            "load_distribution": "Default",
                            "loadbalancer_id": "/subscriptions/d532ef96-d428-4452-ab10-f7a9a136a5b6/resourceGroups/asbtestrg/providers/Microsoft.Network/loadBalancers/rglb",
                            "name": "LBRule",
                            "probe_id": "/subscriptions/d532ef96-d428-4452-ab10-f7a9a136a5b6/resourceGroups/asbtestrg/providers/Microsoft.Network/loadBalancers/rglb/probes/tcpProbe",
                            "protocol": "Tcp",
                            "resource_group_name": "asbtestrg"
                        },
                        "meta": {},
                        "tainted": false
                    },
                    "deposed": [],
                    "provider": "provider.azurerm"
                },
                "azurerm_network_interface.nic.0": {
                    "type": "azurerm_network_interface",
                    "depends_on": [
                        "azurerm_lb_backend_address_pool.backend_pool",
                        "azurerm_lb_nat_rule.tcp.*",
                        "azurerm_resource_group.rg",
                        "azurerm_subnet.subnet"
                    ],
                    "primary": {
                        "id": "/subscriptions/d532ef96-d428-4452-ab10-f7a9a136a5b6/resourceGroups/asbtestrg/providers/Microsoft.Network/networkInterfaces/nic0",
                        "attributes": {
                            "applied_dns_servers.#": "0",
                            "dns_servers.#": "0",
                            "enable_accelerated_networking": "false",
                            "enable_ip_forwarding": "false",
                            "id": "/subscriptions/d532ef96-d428-4452-ab10-f7a9a136a5b6/resourceGroups/asbtestrg/providers/Microsoft.Network/networkInterfaces/nic0",
                            "internal_dns_name_label": "",
                            "internal_fqdn": "",
                            "ip_configuration.#": "1",
                            "ip_configuration.0.application_gateway_backend_address_pools_ids.#": "0",
                            "ip_configuration.0.application_security_group_ids.#": "0",
                            "ip_configuration.0.load_balancer_backend_address_pools_ids.#": "1",
                            "ip_configuration.0.load_balancer_backend_address_pools_ids.1088385775": "/subscriptions/d532ef96-d428-4452-ab10-f7a9a136a5b6/resourceGroups/asbtestrg/providers/Microsoft.Network/loadBalancers/rglb/backendAddressPools/BackendPool1",
                            "ip_configuration.0.load_balancer_inbound_nat_rules_ids.#": "1",
                            "ip_configuration.0.load_balancer_inbound_nat_rules_ids.146369264": "/subscriptions/d532ef96-d428-4452-ab10-f7a9a136a5b6/resourceGroups/asbtestrg/providers/Microsoft.Network/loadBalancers/rglb/inboundNatRules/RDP-VM-0",
                            "ip_configuration.0.name": "ipconfig0",
                            "ip_configuration.0.primary": "true",
                            "ip_configuration.0.private_ip_address": "",
                            "ip_configuration.0.private_ip_address_allocation": "dynamic",
                            "ip_configuration.0.public_ip_address_id": "",
                            "ip_configuration.0.subnet_id": "/subscriptions/d532ef96-d428-4452-ab10-f7a9a136a5b6/resourceGroups/asbtestrg/providers/Microsoft.Network/virtualNetworks/vnet/subnets/rgsubnet",
                            "location": "westus2",
                            "mac_address": "",
                            "name": "nic0",
                            "network_security_group_id": "",
                            "private_ip_address": "10.0.10.4",
                            "private_ip_addresses.#": "1",
                            "private_ip_addresses.0": "10.0.10.4",
                            "resource_group_name": "asbtestrg",
                            "tags.%": "0"
                        },
                        "meta": {},
                        "tainted": false
                    },
                    "deposed": [],
                    "provider": "provider.azurerm"
                },
                "azurerm_network_interface.nic.1": {
                    "type": "azurerm_network_interface",
                    "depends_on": [
                        "azurerm_lb_backend_address_pool.backend_pool",
                        "azurerm_lb_nat_rule.tcp.*",
                        "azurerm_resource_group.rg",
                        "azurerm_subnet.subnet"
                    ],
                    "primary": {
                        "id": "/subscriptions/d532ef96-d428-4452-ab10-f7a9a136a5b6/resourceGroups/asbtestrg/providers/Microsoft.Network/networkInterfaces/nic1",
                        "attributes": {
                            "applied_dns_servers.#": "0",
                            "dns_servers.#": "0",
                            "enable_accelerated_networking": "false",
                            "enable_ip_forwarding": "false",
                            "id": "/subscriptions/d532ef96-d428-4452-ab10-f7a9a136a5b6/resourceGroups/asbtestrg/providers/Microsoft.Network/networkInterfaces/nic1",
                            "internal_dns_name_label": "",
                            "internal_fqdn": "",
                            "ip_configuration.#": "1",
                            "ip_configuration.0.application_gateway_backend_address_pools_ids.#": "0",
                            "ip_configuration.0.application_security_group_ids.#": "0",
                            "ip_configuration.0.load_balancer_backend_address_pools_ids.#": "1",
                            "ip_configuration.0.load_balancer_backend_address_pools_ids.1088385775": "/subscriptions/d532ef96-d428-4452-ab10-f7a9a136a5b6/resourceGroups/asbtestrg/providers/Microsoft.Network/loadBalancers/rglb/backendAddressPools/BackendPool1",
                            "ip_configuration.0.load_balancer_inbound_nat_rules_ids.#": "1",
                            "ip_configuration.0.load_balancer_inbound_nat_rules_ids.2143181414": "/subscriptions/d532ef96-d428-4452-ab10-f7a9a136a5b6/resourceGroups/asbtestrg/providers/Microsoft.Network/loadBalancers/rglb/inboundNatRules/RDP-VM-1",
                            "ip_configuration.0.name": "ipconfig1",
                            "ip_configuration.0.primary": "true",
                            "ip_configuration.0.private_ip_address": "",
                            "ip_configuration.0.private_ip_address_allocation": "dynamic",
                            "ip_configuration.0.public_ip_address_id": "",
                            "ip_configuration.0.subnet_id": "/subscriptions/d532ef96-d428-4452-ab10-f7a9a136a5b6/resourceGroups/asbtestrg/providers/Microsoft.Network/virtualNetworks/vnet/subnets/rgsubnet",
                            "location": "westus2",
                            "mac_address": "",
                            "name": "nic1",
                            "network_security_group_id": "",
                            "private_ip_address": "10.0.10.5",
                            "private_ip_addresses.#": "1",
                            "private_ip_addresses.0": "10.0.10.5",
                            "resource_group_name": "asbtestrg",
                            "tags.%": "0"
                        },
                        "meta": {},
                        "tainted": false
                    },
                    "deposed": [],
                    "provider": "provider.azurerm"
                },
                "azurerm_public_ip.lbpip": {
                    "type": "azurerm_public_ip",
                    "depends_on": [
                        "azurerm_resource_group.rg"
                    ],
                    "primary": {
                        "id": "/subscriptions/d532ef96-d428-4452-ab10-f7a9a136a5b6/resourceGroups/asbtestrg/providers/Microsoft.Network/publicIPAddresses/rg-ip",
                        "attributes": {
                            "domain_name_label": "asbtestlp",
                            "fqdn": "asbtestlp.westus2.cloudapp.azure.com",
                            "id": "/subscriptions/d532ef96-d428-4452-ab10-f7a9a136a5b6/resourceGroups/asbtestrg/providers/Microsoft.Network/publicIPAddresses/rg-ip",
                            "idle_timeout_in_minutes": "4",
                            "ip_address": "",
                            "ip_version": "ipv4",
                            "location": "westus2",
                            "name": "rg-ip",
                            "public_ip_address_allocation": "dynamic",
                            "resource_group_name": "asbtestrg",
                            "sku": "Basic",
                            "tags.%": "0",
                            "zones.#": "0"
                        },
                        "meta": {},
                        "tainted": false
                    },
                    "deposed": [],
                    "provider": "provider.azurerm"
                },
                "azurerm_resource_group.rg": {
                    "type": "azurerm_resource_group",
                    "depends_on": [],
                    "primary": {
                        "id": "/subscriptions/d532ef96-d428-4452-ab10-f7a9a136a5b6/resourceGroups/asbtestrg",
                        "attributes": {
                            "id": "/subscriptions/d532ef96-d428-4452-ab10-f7a9a136a5b6/resourceGroups/asbtestrg",
                            "location": "westus2",
                            "name": "asbtestrg",
                            "tags.%": "0"
                        },
                        "meta": {},
                        "tainted": false
                    },
                    "deposed": [],
                    "provider": "provider.azurerm"
                },
                "azurerm_storage_account.stor": {
                    "type": "azurerm_storage_account",
                    "depends_on": [
                        "azurerm_resource_group.rg"
                    ],
                    "primary": {
                        "id": "/subscriptions/d532ef96-d428-4452-ab10-f7a9a136a5b6/resourceGroups/asbtestrg/providers/Microsoft.Storage/storageAccounts/asbtestdnsstor",
                        "attributes": {
                            "access_tier": "",
                            "account_encryption_source": "Microsoft.Storage",
                            "account_kind": "Storage",
                            "account_replication_type": "LRS",
                            "account_tier": "Standard",
                            "account_type": "Standard_LRS",
                            "enable_blob_encryption": "true",
                            "enable_file_encryption": "true",
                            "enable_https_traffic_only": "false",
                            "id": "/subscriptions/d532ef96-d428-4452-ab10-f7a9a136a5b6/resourceGroups/asbtestrg/providers/Microsoft.Storage/storageAccounts/asbtestdnsstor",
                            "identity.#": "0",
                            "location": "westus2",
                            "name": "asbtestdnsstor",
                            "network_rules.#": "0",
                            "primary_access_key": "5N97R+wtAgSCL7TzgAA2HwYItJSFUdsfuME41I6jZesv2ptjvgq6dFx40d8XJsxge8jPXkqdrpNpotZgll5xJw==",
                            "primary_blob_connection_string": "DefaultEndpointsProtocol=https;BlobEndpoint=https://asbtestdnsstor.blob.core.windows.net/;AccountName=asbtestdnsstor;AccountKey=5N97R+wtAgSCL7TzgAA2HwYItJSFUdsfuME41I6jZesv2ptjvgq6dFx40d8XJsxge8jPXkqdrpNpotZgll5xJw==",
                            "primary_blob_endpoint": "https://asbtestdnsstor.blob.core.windows.net/",
                            "primary_connection_string": "DefaultEndpointsProtocol=https;AccountName=asbtestdnsstor;AccountKey=5N97R+wtAgSCL7TzgAA2HwYItJSFUdsfuME41I6jZesv2ptjvgq6dFx40d8XJsxge8jPXkqdrpNpotZgll5xJw==;EndpointSuffix=core.windows.net",
                            "primary_file_endpoint": "https://asbtestdnsstor.file.core.windows.net/",
                            "primary_location": "westus2",
                            "primary_queue_endpoint": "https://asbtestdnsstor.queue.core.windows.net/",
                            "primary_table_endpoint": "https://asbtestdnsstor.table.core.windows.net/",
                            "resource_group_name": "asbtestrg",
                            "secondary_access_key": "oPDWmbV58uoUmkUDf21+Maft+y6xqWY7fhP5h/fqcvxYhBCDrO0ArneFGSj3nSMtBXtwbhH86tzWobhTajxyuw==",
                            "secondary_connection_string": "DefaultEndpointsProtocol=https;AccountName=asbtestdnsstor;AccountKey=oPDWmbV58uoUmkUDf21+Maft+y6xqWY7fhP5h/fqcvxYhBCDrO0ArneFGSj3nSMtBXtwbhH86tzWobhTajxyuw==;EndpointSuffix=core.windows.net",
                            "secondary_location": "",
                            "tags.%": "0"
                        },
                        "meta": {
                            "schema_version": "2"
                        },
                        "tainted": false
                    },
                    "deposed": [],
                    "provider": "provider.azurerm"
                },
                "azurerm_subnet.subnet": {
                    "type": "azurerm_subnet",
                    "depends_on": [
                        "azurerm_resource_group.rg",
                        "azurerm_virtual_network.vnet"
                    ],
                    "primary": {
                        "id": "/subscriptions/d532ef96-d428-4452-ab10-f7a9a136a5b6/resourceGroups/asbtestrg/providers/Microsoft.Network/virtualNetworks/vnet/subnets/rgsubnet",
                        "attributes": {
                            "address_prefix": "10.0.10.0/24",
                            "id": "/subscriptions/d532ef96-d428-4452-ab10-f7a9a136a5b6/resourceGroups/asbtestrg/providers/Microsoft.Network/virtualNetworks/vnet/subnets/rgsubnet",
                            "ip_configurations.#": "0",
                            "name": "rgsubnet",
                            "resource_group_name": "asbtestrg",
                            "route_table_id": "",
                            "service_endpoints.#": "0",
                            "virtual_network_name": "vnet"
                        },
                        "meta": {},
                        "tainted": false
                    },
                    "deposed": [],
                    "provider": "provider.azurerm"
                },
                "azurerm_virtual_machine.vm.0": {
                    "type": "azurerm_virtual_machine",
                    "depends_on": [
                        "azurerm_availability_set.avset",
                        "azurerm_network_interface.nic.*",
                        "azurerm_resource_group.rg"
                    ],
                    "primary": {
                        "id": "/subscriptions/d532ef96-d428-4452-ab10-f7a9a136a5b6/resourceGroups/asbtestrg/providers/Microsoft.Compute/virtualMachines/vm0",
                        "attributes": {
                            "availability_set_id": "/subscriptions/d532ef96-d428-4452-ab10-f7a9a136a5b6/resourcegroups/asbtestrg/providers/microsoft.compute/availabilitysets/asbtestdnsavset",
                            "delete_data_disks_on_termination": "false",
                            "delete_os_disk_on_termination": "false",
                            "id": "/subscriptions/d532ef96-d428-4452-ab10-f7a9a136a5b6/resourceGroups/asbtestrg/providers/Microsoft.Compute/virtualMachines/vm0",
                            "identity.#": "0",
                            "location": "westus2",
                            "name": "vm0",
                            "network_interface_ids.#": "1",
                            "network_interface_ids.0": "/subscriptions/d532ef96-d428-4452-ab10-f7a9a136a5b6/resourceGroups/asbtestrg/providers/Microsoft.Network/networkInterfaces/nic0",
                            "os_profile.#": "1",
                            "os_profile.437375208.admin_password": "",
                            "os_profile.437375208.admin_username": "vmadmin",
                            "os_profile.437375208.computer_name": "asbtestvm",
                            "os_profile.437375208.custom_data": "",
                            "os_profile_secrets.#": "0",
                            "os_profile_windows_config.#": "1",
                            "os_profile_windows_config.80598305.additional_unattend_config.#": "0",
                            "os_profile_windows_config.80598305.enable_automatic_upgrades": "false",
                            "os_profile_windows_config.80598305.provision_vm_agent": "false",
                            "os_profile_windows_config.80598305.timezone": "",
                            "os_profile_windows_config.80598305.winrm.#": "0",
                            "resource_group_name": "asbtestrg",
                            "storage_data_disk.#": "0",
                            "storage_image_reference.#": "1",
                            "storage_image_reference.2991307580.id": "",
                            "storage_image_reference.2991307580.offer": "WindowsServer",
                            "storage_image_reference.2991307580.publisher": "MicrosoftWindowsServer",
                            "storage_image_reference.2991307580.sku": "2012-R2-Datacenter",
                            "storage_image_reference.2991307580.version": "latest",
                            "storage_os_disk.#": "1",
                            "storage_os_disk.0.caching": "ReadWrite",
                            "storage_os_disk.0.create_option": "FromImage",
                            "storage_os_disk.0.disk_size_gb": "127",
                            "storage_os_disk.0.image_uri": "",
                            "storage_os_disk.0.managed_disk_id": "/subscriptions/d532ef96-d428-4452-ab10-f7a9a136a5b6/resourceGroups/asbtestrg/providers/Microsoft.Compute/disks/osdisk0",
                            "storage_os_disk.0.managed_disk_type": "Standard_LRS",
                            "storage_os_disk.0.name": "osdisk0",
                            "storage_os_disk.0.os_type": "Windows",
                            "storage_os_disk.0.vhd_uri": "",
                            "storage_os_disk.0.write_accelerator_enabled": "false",
                            "tags.%": "0",
                            "vm_size": "Standard_D1_v2",
                            "zones.#": "0"
                        },
                        "meta": {},
                        "tainted": false
                    },
                    "deposed": [],
                    "provider": "provider.azurerm"
                },
                "azurerm_virtual_machine.vm.1": {
                    "type": "azurerm_virtual_machine",
                    "depends_on": [
                        "azurerm_availability_set.avset",
                        "azurerm_network_interface.nic.*",
                        "azurerm_resource_group.rg"
                    ],
                    "primary": {
                        "id": "/subscriptions/d532ef96-d428-4452-ab10-f7a9a136a5b6/resourceGroups/asbtestrg/providers/Microsoft.Compute/virtualMachines/vm1",
                        "attributes": {
                            "availability_set_id": "/subscriptions/d532ef96-d428-4452-ab10-f7a9a136a5b6/resourcegroups/asbtestrg/providers/microsoft.compute/availabilitysets/asbtestdnsavset",
                            "delete_data_disks_on_termination": "false",
                            "delete_os_disk_on_termination": "false",
                            "id": "/subscriptions/d532ef96-d428-4452-ab10-f7a9a136a5b6/resourceGroups/asbtestrg/providers/Microsoft.Compute/virtualMachines/vm1",
                            "identity.#": "0",
                            "location": "westus2",
                            "name": "vm1",
                            "network_interface_ids.#": "1",
                            "network_interface_ids.0": "/subscriptions/d532ef96-d428-4452-ab10-f7a9a136a5b6/resourceGroups/asbtestrg/providers/Microsoft.Network/networkInterfaces/nic1",
                            "os_profile.#": "1",
                            "os_profile.437375208.admin_password": "",
                            "os_profile.437375208.admin_username": "vmadmin",
                            "os_profile.437375208.computer_name": "asbtestvm",
                            "os_profile.437375208.custom_data": "",
                            "os_profile_secrets.#": "0",
                            "os_profile_windows_config.#": "1",
                            "os_profile_windows_config.80598305.additional_unattend_config.#": "0",
                            "os_profile_windows_config.80598305.enable_automatic_upgrades": "false",
                            "os_profile_windows_config.80598305.provision_vm_agent": "false",
                            "os_profile_windows_config.80598305.timezone": "",
                            "os_profile_windows_config.80598305.winrm.#": "0",
                            "resource_group_name": "asbtestrg",
                            "storage_data_disk.#": "0",
                            "storage_image_reference.#": "1",
                            "storage_image_reference.2991307580.id": "",
                            "storage_image_reference.2991307580.offer": "WindowsServer",
                            "storage_image_reference.2991307580.publisher": "MicrosoftWindowsServer",
                            "storage_image_reference.2991307580.sku": "2012-R2-Datacenter",
                            "storage_image_reference.2991307580.version": "latest",
                            "storage_os_disk.#": "1",
                            "storage_os_disk.0.caching": "ReadWrite",
                            "storage_os_disk.0.create_option": "FromImage",
                            "storage_os_disk.0.disk_size_gb": "127",
                            "storage_os_disk.0.image_uri": "",
                            "storage_os_disk.0.managed_disk_id": "/subscriptions/d532ef96-d428-4452-ab10-f7a9a136a5b6/resourceGroups/asbtestrg/providers/Microsoft.Compute/disks/osdisk1",
                            "storage_os_disk.0.managed_disk_type": "Standard_LRS",
                            "storage_os_disk.0.name": "osdisk1",
                            "storage_os_disk.0.os_type": "Windows",
                            "storage_os_disk.0.vhd_uri": "",
                            "storage_os_disk.0.write_accelerator_enabled": "false",
                            "tags.%": "0",
                            "vm_size": "Standard_D1_v2",
                            "zones.#": "0"
                        },
                        "meta": {},
                        "tainted": false
                    },
                    "deposed": [],
                    "provider": "provider.azurerm"
                },
                "azurerm_virtual_network.vnet": {
                    "type": "azurerm_virtual_network",
                    "depends_on": [
                        "azurerm_resource_group.rg"
                    ],
                    "primary": {
                        "id": "/subscriptions/d532ef96-d428-4452-ab10-f7a9a136a5b6/resourceGroups/asbtestrg/providers/Microsoft.Network/virtualNetworks/vnet",
                        "attributes": {
                            "address_space.#": "1",
                            "address_space.0": "10.0.0.0/16",
                            "dns_servers.#": "0",
                            "id": "/subscriptions/d532ef96-d428-4452-ab10-f7a9a136a5b6/resourceGroups/asbtestrg/providers/Microsoft.Network/virtualNetworks/vnet",
                            "location": "westus2",
                            "name": "vnet",
                            "resource_group_name": "asbtestrg",
                            "subnet.#": "0",
                            "tags.%": "0"
                        },
                        "meta": {},
                        "tainted": false
                    },
                    "deposed": [],
                    "provider": "provider.azurerm"
                }
            },
            "depends_on": []
        }
    ]
}
